// !$*UTF8*$!
{
	archiveVersion = 1;
	classes = {
	};
	objectVersion = 56;
	objects = {

/* Begin PBXBuildFile section */
		CB32E26929AB161300FD342F /* AppDelegate.swift in Sources */ = {isa = PBXBuildFile; fileRef = CB32E26829AB161300FD342F /* AppDelegate.swift */; };
		CB32E26B29AB161300FD342F /* SceneDelegate.swift in Sources */ = {isa = PBXBuildFile; fileRef = CB32E26A29AB161300FD342F /* SceneDelegate.swift */; };
		CB32E26D29AB161300FD342F /* ViewController.swift in Sources */ = {isa = PBXBuildFile; fileRef = CB32E26C29AB161300FD342F /* ViewController.swift */; };
		CB32E27229AB161400FD342F /* Assets.xcassets in Resources */ = {isa = PBXBuildFile; fileRef = CB32E27129AB161400FD342F /* Assets.xcassets */; };
		CB32E27529AB161400FD342F /* LaunchScreen.storyboard in Resources */ = {isa = PBXBuildFile; fileRef = CB32E27329AB161400FD342F /* LaunchScreen.storyboard */; };
		CB32E28029AB169200FD342F /* SnapKit in Frameworks */ = {isa = PBXBuildFile; productRef = CB32E27F29AB169200FD342F /* SnapKit */; };
		CB32E28429AB1A8800FD342F /* MyCell.swift in Sources */ = {isa = PBXBuildFile; fileRef = CB32E28329AB1A8800FD342F /* MyCell.swift */; };
		CB32E28A29AB218900FD342F /* SecondSectionBackground.swift in Sources */ = {isa = PBXBuildFile; fileRef = CB32E28929AB218900FD342F /* SecondSectionBackground.swift */; };
		CB32E28C29AB21A700FD342F /* ThirdSectionBackground.swift in Sources */ = {isa = PBXBuildFile; fileRef = CB32E28B29AB21A700FD342F /* ThirdSectionBackground.swift */; };
		CB32E28E29AB26C000FD342F /* FirstSectionBackground.swift in Sources */ = {isa = PBXBuildFile; fileRef = CB32E28D29AB26C000FD342F /* FirstSectionBackground.swift */; };
/* End PBXBuildFile section */

/* Begin PBXFileReference section */
		CB32E26529AB161300FD342F /* CollectionView.app */ = {isa = PBXFileReference; explicitFileType = wrapper.application; includeInIndex = 0; path = CollectionView.app; sourceTree = BUILT_PRODUCTS_DIR; };
		CB32E26829AB161300FD342F /* AppDelegate.swift */ = {isa = PBXFileReference; lastKnownFileType = sourcecode.swift; path = AppDelegate.swift; sourceTree = "<group>"; };
		CB32E26A29AB161300FD342F /* SceneDelegate.swift */ = {isa = PBXFileReference; lastKnownFileType = sourcecode.swift; path = SceneDelegate.swift; sourceTree = "<group>"; };
		CB32E26C29AB161300FD342F /* ViewController.swift */ = {isa = PBXFileReference; lastKnownFileType = sourcecode.swift; path = ViewController.swift; sourceTree = "<group>"; };
		CB32E27129AB161400FD342F /* Assets.xcassets */ = {isa = PBXFileReference; lastKnownFileType = folder.assetcatalog; path = Assets.xcassets; sourceTree = "<group>"; };
		CB32E27429AB161400FD342F /* Base */ = {isa = PBXFileReference; lastKnownFileType = file.storyboard; name = Base; path = Base.lproj/LaunchScreen.storyboard; sourceTree = "<group>"; };
		CB32E27629AB161400FD342F /* Info.plist */ = {isa = PBXFileReference; lastKnownFileType = text.plist.xml; path = Info.plist; sourceTree = "<group>"; };
		CB32E28329AB1A8800FD342F /* MyCell.swift */ = {isa = PBXFileReference; lastKnownFileType = sourcecode.swift; path = MyCell.swift; sourceTree = "<group>"; };
		CB32E28929AB218900FD342F /* SecondSectionBackground.swift */ = {isa = PBXFileReference; lastKnownFileType = sourcecode.swift; path = SecondSectionBackground.swift; sourceTree = "<group>"; };
		CB32E28B29AB21A700FD342F /* ThirdSectionBackground.swift */ = {isa = PBXFileReference; lastKnownFileType = sourcecode.swift; path = ThirdSectionBackground.swift; sourceTree = "<group>"; };
		CB32E28D29AB26C000FD342F /* FirstSectionBackground.swift */ = {isa = PBXFileReference; lastKnownFileType = sourcecode.swift; path = FirstSectionBackground.swift; sourceTree = "<group>"; };
/* End PBXFileReference section */

/* Begin PBXFrameworksBuildPhase section */
		CB32E26229AB161300FD342F /* Frameworks */ = {
			isa = PBXFrameworksBuildPhase;
			buildActionMask = 2147483647;
			files = (
				CB32E28029AB169200FD342F /* SnapKit in Frameworks */,
			);
			runOnlyForDeploymentPostprocessing = 0;
		};
/* End PBXFrameworksBuildPhase section */

/* Begin PBXGroup section */
		CB32E25C29AB161300FD342F = {
			isa = PBXGroup;
			children = (
				CB32E26729AB161300FD342F /* CollectionView */,
				CB32E26629AB161300FD342F /* Products */,
			);
			sourceTree = "<group>";
		};
		CB32E26629AB161300FD342F /* Products */ = {
			isa = PBXGroup;
			children = (
				CB32E26529AB161300FD342F /* CollectionView.app */,
			);
			name = Products;
			sourceTree = "<group>";
		};
		CB32E26729AB161300FD342F /* CollectionView */ = {
			isa = PBXGroup;
			children = (
				CB32E26829AB161300FD342F /* AppDelegate.swift */,
				CB32E26A29AB161300FD342F /* SceneDelegate.swift */,
				CB32E27C29AB165200FD342F /* Views */,
				CB32E27D29AB165B00FD342F /* Controllers */,
				CB32E27129AB161400FD342F /* Assets.xcassets */,
				CB32E27329AB161400FD342F /* LaunchScreen.storyboard */,
				CB32E27629AB161400FD342F /* Info.plist */,
			);
			path = CollectionView;
			sourceTree = "<group>";
		};
		CB32E27C29AB165200FD342F /* Views */ = {
			isa = PBXGroup;
			children = (
				CB32E28329AB1A8800FD342F /* MyCell.swift */,
				CB32E28D29AB26C000FD342F /* FirstSectionBackground.swift */,
				CB32E28929AB218900FD342F /* SecondSectionBackground.swift */,
				CB32E28B29AB21A700FD342F /* ThirdSectionBackground.swift */,
			);
			path = Views;
			sourceTree = "<group>";
		};
		CB32E27D29AB165B00FD342F /* Controllers */ = {
			isa = PBXGroup;
			children = (
				CB32E26C29AB161300FD342F /* ViewController.swift */,
			);
			path = Controllers;
			sourceTree = "<group>";
		};
/* End PBXGroup section */

/* Begin PBXNativeTarget section */
		CB32E26429AB161300FD342F /* CollectionView */ = {
			isa = PBXNativeTarget;
			buildConfigurationList = CB32E27929AB161400FD342F /* Build configuration list for PBXNativeTarget "CollectionView" */;
			buildPhases = (
				CB32E26129AB161300FD342F /* Sources */,
				CB32E26229AB161300FD342F /* Frameworks */,
				CB32E26329AB161300FD342F /* Resources */,
			);
			buildRules = (
			);
			dependencies = (
			);
			name = CollectionView;
			packageProductDependencies = (
				CB32E27F29AB169200FD342F /* SnapKit */,
			);
			productName = CollectionView;
			productReference = CB32E26529AB161300FD342F /* CollectionView.app */;
			productType = "com.apple.product-type.application";
		};
/* End PBXNativeTarget section */

/* Begin PBXProject section */
		CB32E25D29AB161300FD342F /* Project object */ = {
			isa = PBXProject;
			attributes = {
				BuildIndependentTargetsInParallel = 1;
				LastSwiftUpdateCheck = 1420;
				LastUpgradeCheck = 1420;
				TargetAttributes = {
					CB32E26429AB161300FD342F = {
						CreatedOnToolsVersion = 14.2;
					};
				};
			};
			buildConfigurationList = CB32E26029AB161300FD342F /* Build configuration list for PBXProject "CollectionView" */;
			compatibilityVersion = "Xcode 14.0";
			developmentRegion = en;
			hasScannedForEncodings = 0;
			knownRegions = (
				en,
				Base,
			);
			mainGroup = CB32E25C29AB161300FD342F;
			packageReferences = (
				CB32E27E29AB169200FD342F /* XCRemoteSwiftPackageReference "SnapKit" */,
			);
			productRefGroup = CB32E26629AB161300FD342F /* Products */;
			projectDirPath = "";
			projectRoot = "";
			targets = (
				CB32E26429AB161300FD342F /* CollectionView */,
			);
		};
/* End PBXProject section */

/* Begin PBXResourcesBuildPhase section */
		CB32E26329AB161300FD342F /* Resources */ = {
			isa = PBXResourcesBuildPhase;
			buildActionMask = 2147483647;
			files = (
				CB32E27529AB161400FD342F /* LaunchScreen.storyboard in Resources */,
				CB32E27229AB161400FD342F /* Assets.xcassets in Resources */,
			);
			runOnlyForDeploymentPostprocessing = 0;
		};
/* End PBXResourcesBuildPhase section */

/* Begin PBXSourcesBuildPhase section */
		CB32E26129AB161300FD342F /* Sources */ = {
			isa = PBXSourcesBuildPhase;
			buildActionMask = 2147483647;
			files = (
				CB32E26D29AB161300FD342F /* ViewController.swift in Sources */,
				CB32E28429AB1A8800FD342F /* MyCell.swift in Sources */,
				CB32E26929AB161300FD342F /* AppDelegate.swift in Sources */,
				CB32E28A29AB218900FD342F /* SecondSectionBackground.swift in Sources */,
				CB32E28C29AB21A700FD342F /* ThirdSectionBackground.swift in Sources */,
				CB32E28E29AB26C000FD342F /* FirstSectionBackground.swift in Sources */,
				CB32E26B29AB161300FD342F /* SceneDelegate.swift in Sources */,
			);
			runOnlyForDeploymentPostprocessing = 0;
		};
/* End PBXSourcesBuildPhase section */

/* Begin PBXVariantGroup section */
		CB32E27329AB161400FD342F /* LaunchScreen.storyboard */ = {
			isa = PBXVariantGroup;
			children = (
				CB32E27429AB161400FD342F /* Base */,
			);
			name = LaunchScreen.storyboard;
			sourceTree = "<group>";
		};
/* End PBXVariantGroup section */

/* Begin XCBuildConfiguration section */
		CB32E27729AB161400FD342F /* Debug */ = {
			isa = XCBuildConfiguration;
			buildSettings = {
				ALWAYS_SEARCH_USER_PATHS = NO;
				CLANG_ANALYZER_NONNULL = YES;
				CLANG_ANALYZER_NUMBER_OBJECT_CONVERSION = YES_AGGRESSIVE;
				CLANG_CXX_LANGUAGE_STANDARD = "gnu++20";
				CLANG_ENABLE_MODULES = YES;
				CLANG_ENABLE_OBJC_ARC = YES;
				CLANG_ENABLE_OBJC_WEAK = YES;
				CLANG_WARN_BLOCK_CAPTURE_AUTORELEASING = YES;
				CLANG_WARN_BOOL_CONVERSION = YES;
				CLANG_WARN_COMMA = YES;
				CLANG_WARN_CONSTANT_CONVERSION = YES;
				CLANG_WARN_DEPRECATED_OBJC_IMPLEMENTATIONS = YES;
				CLANG_WARN_DIRECT_OBJC_ISA_USAGE = YES_ERROR;
				CLANG_WARN_DOCUMENTATION_COMMENTS = YES;
				CLANG_WARN_EMPTY_BODY = YES;
				CLANG_WARN_ENUM_CONVERSION = YES;
				CLANG_WARN_INFINITE_RECURSION = YES;
				CLANG_WARN_INT_CONVERSION = YES;
				CLANG_WARN_NON_LITERAL_NULL_CONVERSION = YES;
				CLANG_WARN_OBJC_IMPLICIT_RETAIN_SELF = YES;
				CLANG_WARN_OBJC_LITERAL_CONVERSION = YES;
				CLANG_WARN_OBJC_ROOT_CLASS = YES_ERROR;
				CLANG_WARN_QUOTED_INCLUDE_IN_FRAMEWORK_HEADER = YES;
				CLANG_WARN_RANGE_LOOP_ANALYSIS = YES;
				CLANG_WARN_STRICT_PROTOTYPES = YES;
				CLANG_WARN_SUSPICIOUS_MOVE = YES;
				CLANG_WARN_UNGUARDED_AVAILABILITY = YES_AGGRESSIVE;
				CLANG_WARN_UNREACHABLE_CODE = YES;
				CLANG_WARN__DUPLICATE_METHOD_MATCH = YES;
				COPY_PHASE_STRIP = NO;
				DEBUG_INFORMATION_FORMAT = dwarf;
				ENABLE_STRICT_OBJC_MSGSEND = YES;
				ENABLE_TESTABILITY = YES;
				GCC_C_LANGUAGE_STANDARD = gnu11;
				GCC_DYNAMIC_NO_PIC = NO;
				GCC_NO_COMMON_BLOCKS = YES;
				GCC_OPTIMIZATION_LEVEL = 0;
				GCC_PREPROCESSOR_DEFINITIONS = (
					"DEBUG=1",
					"$(inherited)",
				);
				GCC_WARN_64_TO_32_BIT_CONVERSION = YES;
				GCC_WARN_ABOUT_RETURN_TYPE = YES_ERROR;
				GCC_WARN_UNDECLARED_SELECTOR = YES;
				GCC_WARN_UNINITIALIZED_AUTOS = YES_AGGRESSIVE;
				GCC_WARN_UNUSED_FUNCTION = YES;
				GCC_WARN_UNUSED_VARIABLE = YES;
				IPHONEOS_DEPLOYMENT_TARGET = 16.2;
				MTL_ENABLE_DEBUG_INFO = INCLUDE_SOURCE;
				MTL_FAST_MATH = YES;
				ONLY_ACTIVE_ARCH = YES;
				SDKROOT = iphoneos;
				SWIFT_ACTIVE_COMPILATION_CONDITIONS = DEBUG;
				SWIFT_OPTIMIZATION_LEVEL = "-Onone";
			};
			name = Debug;
		};
		CB32E27829AB161400FD342F /* Release */ = {
			isa = XCBuildConfiguration;
			buildSettings = {
				ALWAYS_SEARCH_USER_PATHS = NO;
				CLANG_ANALYZER_NONNULL = YES;
				CLANG_ANALYZER_NUMBER_OBJECT_CONVERSION = YES_AGGRESSIVE;
				CLANG_CXX_LANGUAGE_STANDARD = "gnu++20";
				CLANG_ENABLE_MODULES = YES;
				CLANG_ENABLE_OBJC_ARC = YES;
				CLANG_ENABLE_OBJC_WEAK = YES;
				CLANG_WARN_BLOCK_CAPTURE_AUTORELEASING = YES;
				CLANG_WARN_BOOL_CONVERSION = YES;
				CLANG_WARN_COMMA = YES;
				CLANG_WARN_CONSTANT_CONVERSION = YES;
				CLANG_WARN_DEPRECATED_OBJC_IMPLEMENTATIONS = YES;
				CLANG_WARN_DIRECT_OBJC_ISA_USAGE = YES_ERROR;
				CLANG_WARN_DOCUMENTATION_COMMENTS = YES;
				CLANG_WARN_EMPTY_BODY = YES;
				CLANG_WARN_ENUM_CONVERSION = YES;
				CLANG_WARN_INFINITE_RECURSION = YES;
				CLANG_WARN_INT_CONVERSION = YES;
				CLANG_WARN_NON_LITERAL_NULL_CONVERSION = YES;
				CLANG_WARN_OBJC_IMPLICIT_RETAIN_SELF = YES;
				CLANG_WARN_OBJC_LITERAL_CONVERSION = YES;
				CLANG_WARN_OBJC_ROOT_CLASS = YES_ERROR;
				CLANG_WARN_QUOTED_INCLUDE_IN_FRAMEWORK_HEADER = YES;
				CLANG_WARN_RANGE_LOOP_ANALYSIS = YES;
				CLANG_WARN_STRICT_PROTOTYPES = YES;
				CLANG_WARN_SUSPICIOUS_MOVE = YES;
				CLANG_WARN_UNGUARDED_AVAILABILITY = YES_AGGRESSIVE;
				CLANG_WARN_UNREACHABLE_CODE = YES;
				CLANG_WARN__DUPLICATE_METHOD_MATCH = YES;
				COPY_PHASE_STRIP = NO;
				DEBUG_INFORMATION_FORMAT = "dwarf-with-dsym";
				ENABLE_NS_ASSERTIONS = NO;
				ENABLE_STRICT_OBJC_MSGSEND = YES;
				GCC_C_LANGUAGE_STANDARD = gnu11;
				GCC_NO_COMMON_BLOCKS = YES;
				GCC_WARN_64_TO_32_BIT_CONVERSION = YES;
				GCC_WARN_ABOUT_RETURN_TYPE = YES_ERROR;
				GCC_WARN_UNDECLARED_SELECTOR = YES;
				GCC_WARN_UNINITIALIZED_AUTOS = YES_AGGRESSIVE;
				GCC_WARN_UNUSED_FUNCTION = YES;
				GCC_WARN_UNUSED_VARIABLE = YES;
				IPHONEOS_DEPLOYMENT_TARGET = 16.2;
				MTL_ENABLE_DEBUG_INFO = NO;
				MTL_FAST_MATH = YES;
				SDKROOT = iphoneos;
				SWIFT_COMPILATION_MODE = wholemodule;
				SWIFT_OPTIMIZATION_LEVEL = "-O";
				VALIDATE_PRODUCT = YES;
			};
			name = Release;
		};
		CB32E27A29AB161400FD342F /* Debug */ = {
			isa = XCBuildConfiguration;
			buildSettings = {
				ASSETCATALOG_COMPILER_APPICON_NAME = AppIcon;
				ASSETCATALOG_COMPILER_GLOBAL_ACCENT_COLOR_NAME = AccentColor;
				CODE_SIGN_STYLE = Automatic;
				CURRENT_PROJECT_VERSION = 1;
				GENERATE_INFOPLIST_FILE = YES;
				INFOPLIST_FILE = CollectionView/Info.plist;
				INFOPLIST_KEY_UIApplicationSupportsIndirectInputEvents = YES;
				INFOPLIST_KEY_UILaunchStoryboardName = LaunchScreen;
				INFOPLIST_KEY_UISupportedInterfaceOrientations_iPad = "UIInterfaceOrientationPortrait UIInterfaceOrientationPortraitUpsideDown UIInterfaceOrientationLandscapeLeft UIInterfaceOrientationLandscapeRight";
				INFOPLIST_KEY_UISupportedInterfaceOrientations_iPhone = "UIInterfaceOrientationPortrait UIInterfaceOrientationLandscapeLeft UIInterfaceOrientationLandscapeRight";
				LD_RUNPATH_SEARCH_PATHS = (
					"$(inherited)",
					"@executable_path/Frameworks",
				);
				MARKETING_VERSION = 1.0;
				PRODUCT_BUNDLE_IDENTIFIER = com.gmail.junbok97.CollectionView;
				PRODUCT_NAME = "$(TARGET_NAME)";
				SWIFT_EMIT_LOC_STRINGS = YES;
				SWIFT_VERSION = 5.0;
				TARGETED_DEVICE_FAMILY = "1,2";
			};
			name = Debug;
		};
		CB32E27B29AB161400FD342F /* Release */ = {
			isa = XCBuildConfiguration;
			buildSettings = {
				ASSETCATALOG_COMPILER_APPICON_NAME = AppIcon;
				ASSETCATALOG_COMPILER_GLOBAL_ACCENT_COLOR_NAME = AccentColor;
				CODE_SIGN_STYLE = Automatic;
				CURRENT_PROJECT_VERSION = 1;
				GENERATE_INFOPLIST_FILE = YES;
				INFOPLIST_FILE = CollectionView/Info.plist;
				INFOPLIST_KEY_UIApplicationSupportsIndirectInputEvents = YES;
				INFOPLIST_KEY_UILaunchStoryboardName = LaunchScreen;
				INFOPLIST_KEY_UISupportedInterfaceOrientations_iPad = "UIInterfaceOrientationPortrait UIInterfaceOrientationPortraitUpsideDown UIInterfaceOrientationLandscapeLeft UIInterfaceOrientationLandscapeRight";
				INFOPLIST_KEY_UISupportedInterfaceOrientations_iPhone = "UIInterfaceOrientationPortrait UIInterfaceOrientationLandscapeLeft UIInterfaceOrientationLandscapeRight";
				LD_RUNPATH_SEARCH_PATHS = (
					"$(inherited)",
					"@executable_path/Frameworks",
				);
				MARKETING_VERSION = 1.0;
				PRODUCT_BUNDLE_IDENTIFIER = com.gmail.junbok97.CollectionView;
				PRODUCT_NAME = "$(TARGET_NAME)";
				SWIFT_EMIT_LOC_STRINGS = YES;
				SWIFT_VERSION = 5.0;
				TARGETED_DEVICE_FAMILY = "1,2";
			};
			name = Release;
		};
/* End XCBuildConfiguration section */

/* Begin XCConfigurationList section */
		CB32E26029AB161300FD342F /* Build configuration list for PBXProject "CollectionView" */ = {
			isa = XCConfigurationList;
			buildConfigurations = (
				CB32E27729AB161400FD342F /* Debug */,
				CB32E27829AB161400FD342F /* Release */,
			);
			defaultConfigurationIsVisible = 0;
			defaultConfigurationName = Release;
		};
		CB32E27929AB161400FD342F /* Build configuration list for PBXNativeTarget "CollectionView" */ = {
			isa = XCConfigurationList;
			buildConfigurations = (
				CB32E27A29AB161400FD342F /* Debug */,
				CB32E27B29AB161400FD342F /* Release */,
			);
			defaultConfigurationIsVisible = 0;
			defaultConfigurationName = Release;
		};
/* End XCConfigurationList section */

/* Begin XCRemoteSwiftPackageReference section */
		CB32E27E29AB169200FD342F /* XCRemoteSwiftPackageReference "SnapKit" */ = {
			isa = XCRemoteSwiftPackageReference;
			repositoryURL = "https://github.com/SnapKit/SnapKit.git";
			requirement = {
				kind = upToNextMajorVersion;
				minimumVersion = 5.0.1;
			};
		};
/* End XCRemoteSwiftPackageReference section */

/* Begin XCSwiftPackageProductDependency section */
		CB32E27F29AB169200FD342F /* SnapKit */ = {
			isa = XCSwiftPackageProductDependency;
			package = CB32E27E29AB169200FD342F /* XCRemoteSwiftPackageReference "SnapKit" */;
			productName = SnapKit;
		};
/* End XCSwiftPackageProductDependency section */
	};
	rootObject = CB32E25D29AB161300FD342F /* Project object */;
}
